
Microsoft Visual Studio Solution File, Format Version 12.00
# Visual Studio 15
VisualStudioVersion = 15.0.27130.2010
MinimumVisualStudioVersion = 10.0.40219.1
Project("{FAE04EC0-301F-11D3-BF4B-00C04F79EFBC}") = "MyCodeLibrary", "MyCodeLibrary\MyCodeLibrary.csproj", "{2FA94BDF-FC9E-431E-B707-6E949447074F}"
EndProject
Project("{FAE04EC0-301F-11D3-BF4B-00C04F79EFBC}") = "MyClient", "MyClient\MyClient.csproj", "{5870006A-D1C0-4EA2-A87A-2815F9916F15}"
EndProject
Global
	GlobalSection(SolutionConfigurationPlatforms) = preSolution
		Debug|Any CPU = Debug|Any CPU
		Release|Any CPU = Release|Any CPU
	EndGlobalSection
	GlobalSection(ProjectConfigurationPlatforms) = postSolution
		{2FA94BDF-FC9E-431E-B707-6E949447074F}.Debug|Any CPU.ActiveCfg = Debug|Any CPU
		{2FA94BDF-FC9E-431E-B707-6E949447074F}.Debug|Any CPU.Build.0 = Debug|Any CPU
		{2FA94BDF-FC9E-431E-B707-6E949447074F}.Release|Any CPU.ActiveCfg = Release|Any CPU
		{2FA94BDF-FC9E-431E-B707-6E949447074F}.Release|Any CPU.Build.0 = Release|Any CPU
		{5870006A-D1C0-4EA2-A87A-2815F9916F15}.Debug|Any CPU.ActiveCfg = Debug|Any CPU
		{5870006A-D1C0-4EA2-A87A-2815F9916F15}.Debug|Any CPU.Build.0 = Debug|Any CPU
		{5870006A-D1C0-4EA2-A87A-2815F9916F15}.Release|Any CPU.ActiveCfg = Release|Any CPU
		{5870006A-D1C0-4EA2-A87A-2815F9916F15}.Release|Any CPU.Build.0 = Release|Any CPU
	EndGlobalSection
	GlobalSection(SolutionProperties) = preSolution
		HideSolutionNode = FALSE
	EndGlobalSection
	GlobalSection(ExtensibilityGlobals) = postSolution
		SolutionGuid = {D80E9265-4FDE-4637-B7CE-F02D1F65B1E7}
	EndGlobalSection
EndGlobal
