
Microsoft Visual Studio Solution File, Format Version 12.00
# Visual Studio 15
VisualStudioVersion = 15.0.27130.2010
MinimumVisualStudioVersion = 10.0.40219.1
Project("{FAE04EC0-301F-11D3-BF4B-00C04F79EFBC}") = "workingWithStrings", "workingWithStrings\workingWithStrings.csproj", "{45085182-1B34-4A36-AFA8-B2768035AD38}"
EndProject
Global
	GlobalSection(SolutionConfigurationPlatforms) = preSolution
		Debug|Any CPU = Debug|Any CPU
		Release|Any CPU = Release|Any CPU
	EndGlobalSection
	GlobalSection(ProjectConfigurationPlatforms) = postSolution
		{45085182-1B34-4A36-AFA8-B2768035AD38}.Debug|Any CPU.ActiveCfg = Debug|Any CPU
		{45085182-1B34-4A36-AFA8-B2768035AD38}.Debug|Any CPU.Build.0 = Debug|Any CPU
		{45085182-1B34-4A36-AFA8-B2768035AD38}.Release|Any CPU.ActiveCfg = Release|Any CPU
		{45085182-1B34-4A36-AFA8-B2768035AD38}.Release|Any CPU.Build.0 = Release|Any CPU
	EndGlobalSection
	GlobalSection(SolutionProperties) = preSolution
		HideSolutionNode = FALSE
	EndGlobalSection
	GlobalSection(ExtensibilityGlobals) = postSolution
		SolutionGuid = {A6811D1E-1E35-4022-BCAF-7749B0F0DEF0}
	EndGlobalSection
EndGlobal
